{
  "name": "email",
  "version": "1.0.0",
  "lockfileVersion": 1,
  "requires": true,
  "dependencies": {
    "async": {
      "version": "2.6.3",
      "resolved": "https://registry.npmjs.org/async/-/async-2.6.3.tgz",
      "integrity": "sha512-zflvls11DCy+dQWzTW2dzuilv8Z5X/pjfmZOWba6TNIVDm+2UDaJmXSOXlasHKfNBs8oo3M0aT50fDEWfKZjXg==",
      "requires": {
        "lodash": "^4.17.14"
      }
    },
    "email-deep-validator": {
      "version": "3.3.0",
      "resolved": "https://registry.npmjs.org/email-deep-validator/-/email-deep-validator-3.3.0.tgz",
      "integrity": "sha512-iTthLvoKphPK56T2ge5uTxDFixcXfVMfjPQyJewSv9ZbbocdfmYyoB6rZQYEK5uCOsId2tYsY2/+5J9vbr2spw==",
      "requires": {
        "loglevel": "^1.6.1"
      }
    },
    "email-existence": {
      "version": "0.1.6",
      "resolved": "https://registry.npmjs.org/email-existence/-/email-existence-0.1.6.tgz",
      "integrity": "sha512-mg7vWBaddlMxBFpNMG4h5CZHdBBjcMkN2mFVwGxglRPdgnAD5ashVwhGbQudL2lrvElWyzpR1M61bsvUuzi8Pg==",
      "requires": {
        "async": "^2.0.0-rc.6"
      }
    },
    "lodash": {
      "version": "4.17.20",
      "resolved": "https://registry.npmjs.org/lodash/-/lodash-4.17.20.tgz",
      "integrity": "sha512-PlhdFcillOINfeV7Ni6oF1TAEayyZBoZ8bcshTHqOYJYlrqzRK5hagpagky5o4HfCzzd1TRkXPMFq6cKk9rGmA=="
    },
    "loglevel": {
      "version": "1.6.8",
      "resolved": "https://registry.npmjs.org/loglevel/-/loglevel-1.6.8.tgz",
      "integrity": "sha512-bsU7+gc9AJ2SqpzxwU3+1fedl8zAntbtC5XYlt3s2j1hJcn2PsXSmgN8TaLG/J1/2mod4+cE/3vNL70/c1RNCA=="
    },
    "node-email-validator": {
      "version": "1.1.1",
      "resolved": "https://registry.npmjs.org/node-email-validator/-/node-email-validator-1.1.1.tgz",
      "integrity": "sha512-Yzrb7r2o5dZnlEwpLNw0lIPV7Qr5yvJffmfSn2nRTd0yLfDpySmkh061X5AGSiCqX8bSwkR5y3QuTgjdDJBeWQ=="
    }
  }
}
